// !$*UTF8*$!
{
	archiveVersion = 1;
	classes = {
	};
	objectVersion = 77;
	objects = {

/* Begin PBXBuildFile section */
		CC573F862F3EB260008DE966 /* CommandModels.swift in Sources */ = {isa = PBXBuildFile; fileRef = CC573F752F3EB260008DE966 /* CommandModels.swift */; };
		CC573FA82F3EB6B3008DE966 /* CommandModels.swift in Sources */ = {isa = PBXBuildFile; fileRef = CC573F752F3EB260008DE966 /* CommandModels.swift */; };
/* End PBXBuildFile section */

/* Begin PBXContainerItemProxy section */
		CC015F932F3EB000003275D7 /* PBXContainerItemProxy */ = {
			isa = PBXContainerItemProxy;
			containerPortal = CC6A0AA92F29B9FC00366880 /* Project object */;
			proxyType = 1;
			remoteGlobalIDString = CC015F832F3EAFFE003275D7;
			remoteInfo = CommandGuardGateway;
		};
		CC015F9D2F3EB001003275D7 /* PBXContainerItemProxy */ = {
			isa = PBXContainerItemProxy;
			containerPortal = CC6A0AA92F29B9FC00366880 /* Project object */;
			proxyType = 1;
			remoteGlobalIDString = CC015F832F3EAFFE003275D7;
			remoteInfo = CommandGuardGateway;
		};
		CC6A0AC12F29B9FD00366880 /* PBXContainerItemProxy */ = {
			isa = PBXContainerItemProxy;
			containerPortal = CC6A0AA92F29B9FC00366880 /* Project object */;
			proxyType = 1;
			remoteGlobalIDString = CC6A0AB02F29B9FC00366880;
			remoteInfo = CommandGuard;
		};
		CC6A0ACB2F29B9FD00366880 /* PBXContainerItemProxy */ = {
			isa = PBXContainerItemProxy;
			containerPortal = CC6A0AA92F29B9FC00366880 /* Project object */;
			proxyType = 1;
			remoteGlobalIDString = CC6A0AB02F29B9FC00366880;
			remoteInfo = CommandGuard;
		};
/* End PBXContainerItemProxy section */

/* Begin PBXFileReference section */
		CC015F842F3EAFFE003275D7 /* CommandGuardGateway.app */ = {isa = PBXFileReference; explicitFileType = wrapper.application; includeInIndex = 0; path = CommandGuardGateway.app; sourceTree = BUILT_PRODUCTS_DIR; };
		CC015F922F3EB000003275D7 /* CommandGuardGatewayTests.xctest */ = {isa = PBXFileReference; explicitFileType = wrapper.cfbundle; includeInIndex = 0; path = CommandGuardGatewayTests.xctest; sourceTree = BUILT_PRODUCTS_DIR; };
		CC015F9C2F3EB001003275D7 /* CommandGuardGatewayUITests.xctest */ = {isa = PBXFileReference; explicitFileType = wrapper.cfbundle; includeInIndex = 0; path = CommandGuardGatewayUITests.xctest; sourceTree = BUILT_PRODUCTS_DIR; };
		CC573F752F3EB260008DE966 /* CommandModels.swift */ = {isa = PBXFileReference; lastKnownFileType = sourcecode.swift; path = CommandModels.swift; sourceTree = "<group>"; };
		CC573FA52F3EB3ED008DE966 /* GatewayCommand.swift */ = {isa = PBXFileReference; lastKnownFileType = sourcecode.swift; path = GatewayCommand.swift; sourceTree = "<group>"; };
		CC6A0AB12F29B9FC00366880 /* CommandGuard.app */ = {isa = PBXFileReference; explicitFileType = wrapper.application; includeInIndex = 0; path = CommandGuard.app; sourceTree = BUILT_PRODUCTS_DIR; };
		CC6A0AC02F29B9FD00366880 /* CommandGuardTests.xctest */ = {isa = PBXFileReference; explicitFileType = wrapper.cfbundle; includeInIndex = 0; path = CommandGuardTests.xctest; sourceTree = BUILT_PRODUCTS_DIR; };
		CC6A0ACA2F29B9FD00366880 /* CommandGuardUITests.xctest */ = {isa = PBXFileReference; explicitFileType = wrapper.cfbundle; includeInIndex = 0; path = CommandGuardUITests.xctest; sourceTree = BUILT_PRODUCTS_DIR; };
/* End PBXFileReference section */

/* Begin PBXFileSystemSynchronizedBuildFileExceptionSet section */
		CC0A4DA12F3C17CF008769CB /* Exceptions for "CommandGuardApp" folder in "CommandGuard" target */ = {
			isa = PBXFileSystemSynchronizedBuildFileExceptionSet;
			membershipExceptions = (
				Info.plist,
			);
			target = CC6A0AB02F29B9FC00366880 /* CommandGuard */;
		};
/* End PBXFileSystemSynchronizedBuildFileExceptionSet section */

/* Begin PBXFileSystemSynchronizedRootGroup section */
		CC015F852F3EAFFE003275D7 /* CommandGuardGateway */ = {
			isa = PBXFileSystemSynchronizedRootGroup;
			path = CommandGuardGateway;
			sourceTree = "<group>";
		};
		CC015F952F3EB001003275D7 /* CommandGuardGatewayTests */ = {
			isa = PBXFileSystemSynchronizedRootGroup;
			path = CommandGuardGatewayTests;
			sourceTree = "<group>";
		};
		CC015F9F2F3EB001003275D7 /* CommandGuardGatewayUITests */ = {
			isa = PBXFileSystemSynchronizedRootGroup;
			path = CommandGuardGatewayUITests;
			sourceTree = "<group>";
		};
		CC6A0AB32F29B9FC00366880 /* CommandGuardApp */ = {
			isa = PBXFileSystemSynchronizedRootGroup;
			exceptions = (
				CC0A4DA12F3C17CF008769CB /* Exceptions for "CommandGuardApp" folder in "CommandGuard" target */,
			);
			path = CommandGuardApp;
			sourceTree = "<group>";
		};
		CC6A0AC32F29B9FD00366880 /* CommandGuardTests */ = {
			isa = PBXFileSystemSynchronizedRootGroup;
			path = CommandGuardTests;
			sourceTree = "<group>";
		};
		CC6A0ACD2F29B9FD00366880 /* CommandGuardUITests */ = {
			isa = PBXFileSystemSynchronizedRootGroup;
			path = CommandGuardUITests;
			sourceTree = "<group>";
		};
/* End PBXFileSystemSynchronizedRootGroup section */

/* Begin PBXFrameworksBuildPhase section */
		CC015F812F3EAFFE003275D7 /* Frameworks */ = {
			isa = PBXFrameworksBuildPhase;
			buildActionMask = 2147483647;
			files = (
			);
			runOnlyForDeploymentPostprocessing = 0;
		};
		CC015F8F2F3EB000003275D7 /* Frameworks */ = {
			isa = PBXFrameworksBuildPhase;
			buildActionMask = 2147483647;
			files = (
			);
			runOnlyForDeploymentPostprocessing = 0;
		};
		CC015F992F3EB001003275D7 /* Frameworks */ = {
			isa = PBXFrameworksBuildPhase;
			buildActionMask = 2147483647;
			files = (
			);
			runOnlyForDeploymentPostprocessing = 0;
		};
		CC6A0AAE2F29B9FC00366880 /* Frameworks */ = {
			isa = PBXFrameworksBuildPhase;
			buildActionMask = 2147483647;
			files = (
			);
			runOnlyForDeploymentPostprocessing = 0;
		};
		CC6A0ABD2F29B9FD00366880 /* Frameworks */ = {
			isa = PBXFrameworksBuildPhase;
			buildActionMask = 2147483647;
			files = (
			);
			runOnlyForDeploymentPostprocessing = 0;
		};
		CC6A0AC72F29B9FD00366880 /* Frameworks */ = {
			isa = PBXFrameworksBuildPhase;
			buildActionMask = 2147483647;
			files = (
			);
			runOnlyForDeploymentPostprocessing = 0;
		};
/* End PBXFrameworksBuildPhase section */

/* Begin PBXGroup section */
		CC573FA42F3EB3E9008DE966 /* Shared */ = {
			isa = PBXGroup;
			children = (
				CC573FA52F3EB3ED008DE966 /* GatewayCommand.swift */,
				CC573F752F3EB260008DE966 /* CommandModels.swift */,
			);
			path = Shared;
			sourceTree = "<group>";
		};
		CC6A0AA82F29B9FC00366880 = {
			isa = PBXGroup;
			children = (
				CC6A0AB32F29B9FC00366880 /* CommandGuardApp */,
				CC6A0AC32F29B9FD00366880 /* CommandGuardTests */,
				CC6A0ACD2F29B9FD00366880 /* CommandGuardUITests */,
				CC015F852F3EAFFE003275D7 /* CommandGuardGateway */,
				CC015F952F3EB001003275D7 /* CommandGuardGatewayTests */,
				CC015F9F2F3EB001003275D7 /* CommandGuardGatewayUITests */,
				CC6A0AB22F29B9FC00366880 /* Products */,
				CC573FA42F3EB3E9008DE966 /* Shared */,
			);
			sourceTree = "<group>";
		};
		CC6A0AB22F29B9FC00366880 /* Products */ = {
			isa = PBXGroup;
			children = (
				CC6A0AB12F29B9FC00366880 /* CommandGuard.app */,
				CC6A0AC02F29B9FD00366880 /* CommandGuardTests.xctest */,
				CC6A0ACA2F29B9FD00366880 /* CommandGuardUITests.xctest */,
				CC015F842F3EAFFE003275D7 /* CommandGuardGateway.app */,
				CC015F922F3EB000003275D7 /* CommandGuardGatewayTests.xctest */,
				CC015F9C2F3EB001003275D7 /* CommandGuardGatewayUITests.xctest */,
			);
			name = Products;
			sourceTree = "<group>";
		};
/* End PBXGroup section */

/* Begin PBXNativeTarget section */
		CC015F832F3EAFFE003275D7 /* CommandGuardGateway */ = {
			isa = PBXNativeTarget;
			buildConfigurationList = CC015FAA2F3EB001003275D7 /* Build configuration list for PBXNativeTarget "CommandGuardGateway" */;
			buildPhases = (
				CC015F802F3EAFFE003275D7 /* Sources */,
				CC015F812F3EAFFE003275D7 /* Frameworks */,
				CC015F822F3EAFFE003275D7 /* Resources */,
			);
			buildRules = (
			);
			dependencies = (
			);
			fileSystemSynchronizedGroups = (
				CC015F852F3EAFFE003275D7 /* CommandGuardGateway */,
			);
			name = CommandGuardGateway;
			packageProductDependencies = (
			);
			productName = CommandGuardGateway;
			productReference = CC015F842F3EAFFE003275D7 /* CommandGuardGateway.app */;
			productType = "com.apple.product-type.application";
		};
		CC015F912F3EB000003275D7 /* CommandGuardGatewayTests */ = {
			isa = PBXNativeTarget;
			buildConfigurationList = CC015FAB2F3EB001003275D7 /* Build configuration list for PBXNativeTarget "CommandGuardGatewayTests" */;
			buildPhases = (
				CC015F8E2F3EB000003275D7 /* Sources */,
				CC015F8F2F3EB000003275D7 /* Frameworks */,
				CC015F902F3EB000003275D7 /* Resources */,
			);
			buildRules = (
			);
			dependencies = (
				CC015F942F3EB000003275D7 /* PBXTargetDependency */,
			);
			fileSystemSynchronizedGroups = (
				CC015F952F3EB001003275D7 /* CommandGuardGatewayTests */,
			);
			name = CommandGuardGatewayTests;
			packageProductDependencies = (
			);
			productName = CommandGuardGatewayTests;
			productReference = CC015F922F3EB000003275D7 /* CommandGuardGatewayTests.xctest */;
			productType = "com.apple.product-type.bundle.unit-test";
		};
		CC015F9B2F3EB001003275D7 /* CommandGuardGatewayUITests */ = {
			isa = PBXNativeTarget;
			buildConfigurationList = CC015FAC2F3EB001003275D7 /* Build configuration list for PBXNativeTarget "CommandGuardGatewayUITests" */;
			buildPhases = (
				CC015F982F3EB001003275D7 /* Sources */,
				CC015F992F3EB001003275D7 /* Frameworks */,
				CC015F9A2F3EB001003275D7 /* Resources */,
			);
			buildRules = (
			);
			dependencies = (
				CC015F9E2F3EB001003275D7 /* PBXTargetDependency */,
			);
			fileSystemSynchronizedGroups = (
				CC015F9F2F3EB001003275D7 /* CommandGuardGatewayUITests */,
			);
			name = CommandGuardGatewayUITests;
			packageProductDependencies = (
			);
			productName = CommandGuardGatewayUITests;
			productReference = CC015F9C2F3EB001003275D7 /* CommandGuardGatewayUITests.xctest */;
			productType = "com.apple.product-type.bundle.ui-testing";
		};
		CC6A0AB02F29B9FC00366880 /* CommandGuard */ = {
			isa = PBXNativeTarget;
			buildConfigurationList = CC6A0AD42F29B9FD00366880 /* Build configuration list for PBXNativeTarget "CommandGuard" */;
			buildPhases = (
				CC6A0AAD2F29B9FC00366880 /* Sources */,
				CC6A0AAE2F29B9FC00366880 /* Frameworks */,
				CC6A0AAF2F29B9FC00366880 /* Resources */,
			);
			buildRules = (
			);
			dependencies = (
			);
			fileSystemSynchronizedGroups = (
				CC6A0AB32F29B9FC00366880 /* CommandGuardApp */,
			);
			name = CommandGuard;
			packageProductDependencies = (
			);
			productName = CommandGuard;
			productReference = CC6A0AB12F29B9FC00366880 /* CommandGuard.app */;
			productType = "com.apple.product-type.application";
		};
		CC6A0ABF2F29B9FD00366880 /* CommandGuardTests */ = {
			isa = PBXNativeTarget;
			buildConfigurationList = CC6A0AD72F29B9FD00366880 /* Build configuration list for PBXNativeTarget "CommandGuardTests" */;
			buildPhases = (
				CC6A0ABC2F29B9FD00366880 /* Sources */,
				CC6A0ABD2F29B9FD00366880 /* Frameworks */,
				CC6A0ABE2F29B9FD00366880 /* Resources */,
			);
			buildRules = (
			);
			dependencies = (
				CC6A0AC22F29B9FD00366880 /* PBXTargetDependency */,
			);
			fileSystemSynchronizedGroups = (
				CC6A0AC32F29B9FD00366880 /* CommandGuardTests */,
			);
			name = CommandGuardTests;
			packageProductDependencies = (
			);
			productName = CommandGuardTests;
			productReference = CC6A0AC02F29B9FD00366880 /* CommandGuardTests.xctest */;
			productType = "com.apple.product-type.bundle.unit-test";
		};
		CC6A0AC92F29B9FD00366880 /* CommandGuardUITests */ = {
			isa = PBXNativeTarget;
			buildConfigurationList = CC6A0ADA2F29B9FD00366880 /* Build configuration list for PBXNativeTarget "CommandGuardUITests" */;
			buildPhases = (
				CC6A0AC62F29B9FD00366880 /* Sources */,
				CC6A0AC72F29B9FD00366880 /* Frameworks */,
				CC6A0AC82F29B9FD00366880 /* Resources */,
			);
			buildRules = (
			);
			dependencies = (
				CC6A0ACC2F29B9FD00366880 /* PBXTargetDependency */,
			);
			fileSystemSynchronizedGroups = (
				CC6A0ACD2F29B9FD00366880 /* CommandGuardUITests */,
			);
			name = CommandGuardUITests;
			packageProductDependencies = (
			);
			productName = CommandGuardUITests;
			productReference = CC6A0ACA2F29B9FD00366880 /* CommandGuardUITests.xctest */;
			productType = "com.apple.product-type.bundle.ui-testing";
		};
/* End PBXNativeTarget section */

/* Begin PBXProject section */
		CC6A0AA92F29B9FC00366880 /* Project object */ = {
			isa = PBXProject;
			attributes = {
				BuildIndependentTargetsInParallel = 1;
				LastSwiftUpdateCheck = 2630;
				LastUpgradeCheck = 2630;
				TargetAttributes = {
					CC015F832F3EAFFE003275D7 = {
						CreatedOnToolsVersion = 26.3;
					};
					CC015F912F3EB000003275D7 = {
						CreatedOnToolsVersion = 26.3;
						TestTargetID = CC015F832F3EAFFE003275D7;
					};
					CC015F9B2F3EB001003275D7 = {
						CreatedOnToolsVersion = 26.3;
						TestTargetID = CC015F832F3EAFFE003275D7;
					};
					CC6A0AB02F29B9FC00366880 = {
						CreatedOnToolsVersion = 26.2;
					};
					CC6A0ABF2F29B9FD00366880 = {
						CreatedOnToolsVersion = 26.2;
						TestTargetID = CC6A0AB02F29B9FC00366880;
					};
					CC6A0AC92F29B9FD00366880 = {
						CreatedOnToolsVersion = 26.2;
						TestTargetID = CC6A0AB02F29B9FC00366880;
					};
				};
			};
			buildConfigurationList = CC6A0AAC2F29B9FC00366880 /* Build configuration list for PBXProject "CommandGuard" */;
			developmentRegion = en;
			hasScannedForEncodings = 0;
			knownRegions = (
				en,
				Base,
			);
			mainGroup = CC6A0AA82F29B9FC00366880;
			minimizedProjectReferenceProxies = 1;
			preferredProjectObjectVersion = 77;
			productRefGroup = CC6A0AB22F29B9FC00366880 /* Products */;
			projectDirPath = "";
			projectRoot = "";
			targets = (
				CC6A0AB02F29B9FC00366880 /* CommandGuard */,
				CC6A0ABF2F29B9FD00366880 /* CommandGuardTests */,
				CC6A0AC92F29B9FD00366880 /* CommandGuardUITests */,
				CC015F832F3EAFFE003275D7 /* CommandGuardGateway */,
				CC015F912F3EB000003275D7 /* CommandGuardGatewayTests */,
				CC015F9B2F3EB001003275D7 /* CommandGuardGatewayUITests */,
			);
		};
/* End PBXProject section */

/* Begin PBXResourcesBuildPhase section */
		CC015F822F3EAFFE003275D7 /* Resources */ = {
			isa = PBXResourcesBuildPhase;
			buildActionMask = 2147483647;
			files = (
			);
			runOnlyForDeploymentPostprocessing = 0;
		};
		CC015F902F3EB000003275D7 /* Resources */ = {
			isa = PBXResourcesBuildPhase;
			buildActionMask = 2147483647;
			files = (
			);
			runOnlyForDeploymentPostprocessing = 0;
		};
		CC015F9A2F3EB001003275D7 /* Resources */ = {
			isa = PBXResourcesBuildPhase;
			buildActionMask = 2147483647;
			files = (
			);
			runOnlyForDeploymentPostprocessing = 0;
		};
		CC6A0AAF2F29B9FC00366880 /* Resources */ = {
			isa = PBXResourcesBuildPhase;
			buildActionMask = 2147483647;
			files = (
			);
			runOnlyForDeploymentPostprocessing = 0;
		};
		CC6A0ABE2F29B9FD00366880 /* Resources */ = {
			isa = PBXResourcesBuildPhase;
			buildActionMask = 2147483647;
			files = (
			);
			runOnlyForDeploymentPostprocessing = 0;
		};
		CC6A0AC82F29B9FD00366880 /* Resources */ = {
			isa = PBXResourcesBuildPhase;
			buildActionMask = 2147483647;
			files = (
			);
			runOnlyForDeploymentPostprocessing = 0;
		};
/* End PBXResourcesBuildPhase section */

/* Begin PBXSourcesBuildPhase section */
		CC015F802F3EAFFE003275D7 /* Sources */ = {
			isa = PBXSourcesBuildPhase;
			buildActionMask = 2147483647;
			files = (
				CC573FA82F3EB6B3008DE966 /* CommandModels.swift in Sources */,
			);
			runOnlyForDeploymentPostprocessing = 0;
		};
		CC015F8E2F3EB000003275D7 /* Sources */ = {
			isa = PBXSourcesBuildPhase;
			buildActionMask = 2147483647;
			files = (
			);
			runOnlyForDeploymentPostprocessing = 0;
		};
		CC015F982F3EB001003275D7 /* Sources */ = {
			isa = PBXSourcesBuildPhase;
			buildActionMask = 2147483647;
			files = (
			);
			runOnlyForDeploymentPostprocessing = 0;
		};
		CC6A0AAD2F29B9FC00366880 /* Sources */ = {
			isa = PBXSourcesBuildPhase;
			buildActionMask = 2147483647;
			files = (
				CC573F862F3EB260008DE966 /* CommandModels.swift in Sources */,
			);
			runOnlyForDeploymentPostprocessing = 0;
		};
		CC6A0ABC2F29B9FD00366880 /* Sources */ = {
			isa = PBXSourcesBuildPhase;
			buildActionMask = 2147483647;
			files = (
			);
			runOnlyForDeploymentPostprocessing = 0;
		};
		CC6A0AC62F29B9FD00366880 /* Sources */ = {
			isa = PBXSourcesBuildPhase;
			buildActionMask = 2147483647;
			files = (
			);
			runOnlyForDeploymentPostprocessing = 0;
		};
/* End PBXSourcesBuildPhase section */

/* Begin PBXTargetDependency section */
		CC015F942F3EB000003275D7 /* PBXTargetDependency */ = {
			isa = PBXTargetDependency;
			target = CC015F832F3EAFFE003275D7 /* CommandGuardGateway */;
			targetProxy = CC015F932F3EB000003275D7 /* PBXContainerItemProxy */;
		};
		CC015F9E2F3EB001003275D7 /* PBXTargetDependency */ = {
			isa = PBXTargetDependency;
			target = CC015F832F3EAFFE003275D7 /* CommandGuardGateway */;
			targetProxy = CC015F9D2F3EB001003275D7 /* PBXContainerItemProxy */;
		};
		CC6A0AC22F29B9FD00366880 /* PBXTargetDependency */ = {
			isa = PBXTargetDependency;
			target = CC6A0AB02F29B9FC00366880 /* CommandGuard */;
			targetProxy = CC6A0AC12F29B9FD00366880 /* PBXContainerItemProxy */;
		};
		CC6A0ACC2F29B9FD00366880 /* PBXTargetDependency */ = {
			isa = PBXTargetDependency;
			target = CC6A0AB02F29B9FC00366880 /* CommandGuard */;
			targetProxy = CC6A0ACB2F29B9FD00366880 /* PBXContainerItemProxy */;
		};
/* End PBXTargetDependency section */

/* Begin XCBuildConfiguration section */
		CC015FA42F3EB001003275D7 /* Debug */ = {
			isa = XCBuildConfiguration;
			buildSettings = {
				ASSETCATALOG_COMPILER_APPICON_NAME = AppIcon;
				ASSETCATALOG_COMPILER_GLOBAL_ACCENT_COLOR_NAME = AccentColor;
				CODE_SIGN_STYLE = Automatic;
				COMBINE_HIDPI_IMAGES = YES;
				CURRENT_PROJECT_VERSION = 1;
				DEVELOPMENT_TEAM = N688RX2752;
				ENABLE_APP_SANDBOX = YES;
				ENABLE_HARDENED_RUNTIME = YES;
				ENABLE_PREVIEWS = YES;
				ENABLE_USER_SELECTED_FILES = readonly;
				GENERATE_INFOPLIST_FILE = YES;
				INFOPLIST_KEY_NSHumanReadableCopyright = "";
				LD_RUNPATH_SEARCH_PATHS = (
					"$(inherited)",
					"@executable_path/../Frameworks",
				);
				MACOSX_DEPLOYMENT_TARGET = 26.2;
				MARKETING_VERSION = 1.0;
				PRODUCT_BUNDLE_IDENTIFIER = Luke.CommandGuardGateway;
				PRODUCT_NAME = "$(TARGET_NAME)";
				REGISTER_APP_GROUPS = YES;
				SDKROOT = macosx;
				STRING_CATALOG_GENERATE_SYMBOLS = YES;
				SWIFT_APPROACHABLE_CONCURRENCY = YES;
				SWIFT_DEFAULT_ACTOR_ISOLATION = MainActor;
				SWIFT_EMIT_LOC_STRINGS = YES;
				SWIFT_UPCOMING_FEATURE_MEMBER_IMPORT_VISIBILITY = YES;
				SWIFT_VERSION = 5.0;
			};
			name = Debug;
		};
		CC015FA52F3EB001003275D7 /* Release */ = {
			isa = XCBuildConfiguration;
			buildSettings = {
				ASSETCATALOG_COMPILER_APPICON_NAME = AppIcon;
				ASSETCATALOG_COMPILER_GLOBAL_ACCENT_COLOR_NAME = AccentColor;
				CODE_SIGN_STYLE = Automatic;
				COMBINE_HIDPI_IMAGES = YES;
				CURRENT_PROJECT_VERSION = 1;
				DEVELOPMENT_TEAM = N688RX2752;
				ENABLE_APP_SANDBOX = YES;
				ENABLE_HARDENED_RUNTIME = YES;
				ENABLE_PREVIEWS = YES;
				ENABLE_USER_SELECTED_FILES = readonly;
				GENERATE_INFOPLIST_FILE = YES;
				INFOPLIST_KEY_NSHumanReadableCopyright = "";
				LD_RUNPATH_SEARCH_PATHS = (
					"$(inherited)",
					"@executable_path/../Frameworks",
				);
				MACOSX_DEPLOYMENT_TARGET = 26.2;
				MARKETING_VERSION = 1.0;
				PRODUCT_BUNDLE_IDENTIFIER = Luke.CommandGuardGateway;
				PRODUCT_NAME = "$(TARGET_NAME)";
				REGISTER_APP_GROUPS = YES;
				SDKROOT = macosx;
				STRING_CATALOG_GENERATE_SYMBOLS = YES;
				SWIFT_APPROACHABLE_CONCURRENCY = YES;
				SWIFT_DEFAULT_ACTOR_ISOLATION = MainActor;
				SWIFT_EMIT_LOC_STRINGS = YES;
				SWIFT_UPCOMING_FEATURE_MEMBER_IMPORT_VISIBILITY = YES;
				SWIFT_VERSION = 5.0;
			};
			name = Release;
		};
		CC015FA62F3EB001003275D7 /* Debug */ = {
			isa = XCBuildConfiguration;
			buildSettings = {
				BUNDLE_LOADER = "$(TEST_HOST)";
				CODE_SIGN_STYLE = Automatic;
				CURRENT_PROJECT_VERSION = 1;
				DEVELOPMENT_TEAM = N688RX2752;
				GENERATE_INFOPLIST_FILE = YES;
				MACOSX_DEPLOYMENT_TARGET = 26.2;
				MARKETING_VERSION = 1.0;
				PRODUCT_BUNDLE_IDENTIFIER = Luke.CommandGuardGatewayTests;
				PRODUCT_NAME = "$(TARGET_NAME)";
				SDKROOT = macosx;
				STRING_CATALOG_GENERATE_SYMBOLS = NO;
				SWIFT_APPROACHABLE_CONCURRENCY = YES;
				SWIFT_EMIT_LOC_STRINGS = NO;
				SWIFT_UPCOMING_FEATURE_MEMBER_IMPORT_VISIBILITY = YES;
				SWIFT_VERSION = 5.0;
				TEST_HOST = "$(BUILT_PRODUCTS_DIR)/CommandGuardGateway.app/$(BUNDLE_EXECUTABLE_FOLDER_PATH)/CommandGuardGateway";
			};
			name = Debug;
		};
		CC015FA72F3EB001003275D7 /* Release */ = {
			isa = XCBuildConfiguration;
			buildSettings = {
				BUNDLE_LOADER = "$(TEST_HOST)";
				CODE_SIGN_STYLE = Automatic;
				CURRENT_PROJECT_VERSION = 1;
				DEVELOPMENT_TEAM = N688RX2752;
				GENERATE_INFOPLIST_FILE = YES;
				MACOSX_DEPLOYMENT_TARGET = 26.2;
				MARKETING_VERSION = 1.0;
				PRODUCT_BUNDLE_IDENTIFIER = Luke.CommandGuardGatewayTests;
				PRODUCT_NAME = "$(TARGET_NAME)";
				SDKROOT = macosx;
				STRING_CATALOG_GENERATE_SYMBOLS = NO;
				SWIFT_APPROACHABLE_CONCURRENCY = YES;
				SWIFT_EMIT_LOC_STRINGS = NO;
				SWIFT_UPCOMING_FEATURE_MEMBER_IMPORT_VISIBILITY = YES;
				SWIFT_VERSION = 5.0;
				TEST_HOST = "$(BUILT_PRODUCTS_DIR)/CommandGuardGateway.app/$(BUNDLE_EXECUTABLE_FOLDER_PATH)/CommandGuardGateway";
			};
			name = Release;
		};
		CC015FA82F3EB001003275D7 /* Debug */ = {
			isa = XCBuildConfiguration;
			buildSettings = {
				CODE_SIGN_STYLE = Automatic;
				CURRENT_PROJECT_VERSION = 1;
				DEVELOPMENT_TEAM = N688RX2752;
				GENERATE_INFOPLIST_FILE = YES;
				MACOSX_DEPLOYMENT_TARGET = 26.2;
				MARKETING_VERSION = 1.0;
				PRODUCT_BUNDLE_IDENTIFIER = Luke.CommandGuardGatewayUITests;
				PRODUCT_NAME = "$(TARGET_NAME)";
				SDKROOT = macosx;
				STRING_CATALOG_GENERATE_SYMBOLS = NO;
				SWIFT_APPROACHABLE_CONCURRENCY = YES;
				SWIFT_EMIT_LOC_STRINGS = NO;
				SWIFT_UPCOMING_FEATURE_MEMBER_IMPORT_VISIBILITY = YES;
				SWIFT_VERSION = 5.0;
				TEST_TARGET_NAME = CommandGuardGateway;
			};
			name = Debug;
		};
		CC015FA92F3EB001003275D7 /* Release */ = {
			isa = XCBuildConfiguration;
			buildSettings = {
				CODE_SIGN_STYLE = Automatic;
				CURRENT_PROJECT_VERSION = 1;
				DEVELOPMENT_TEAM = N688RX2752;
				GENERATE_INFOPLIST_FILE = YES;
				MACOSX_DEPLOYMENT_TARGET = 26.2;
				MARKETING_VERSION = 1.0;
				PRODUCT_BUNDLE_IDENTIFIER = Luke.CommandGuardGatewayUITests;
				PRODUCT_NAME = "$(TARGET_NAME)";
				SDKROOT = macosx;
				STRING_CATALOG_GENERATE_SYMBOLS = NO;
				SWIFT_APPROACHABLE_CONCURRENCY = YES;
				SWIFT_EMIT_LOC_STRINGS = NO;
				SWIFT_UPCOMING_FEATURE_MEMBER_IMPORT_VISIBILITY = YES;
				SWIFT_VERSION = 5.0;
				TEST_TARGET_NAME = CommandGuardGateway;
			};
			name = Release;
		};
		CC6A0AD22F29B9FD00366880 /* Debug */ = {
			isa = XCBuildConfiguration;
			buildSettings = {
				ALWAYS_SEARCH_USER_PATHS = NO;
				ASSETCATALOG_COMPILER_GENERATE_SWIFT_ASSET_SYMBOL_EXTENSIONS = YES;
				CLANG_ANALYZER_NONNULL = YES;
				CLANG_ANALYZER_NUMBER_OBJECT_CONVERSION = YES_AGGRESSIVE;
				CLANG_CXX_LANGUAGE_STANDARD = "gnu++20";
				CLANG_ENABLE_MODULES = YES;
				CLANG_ENABLE_OBJC_ARC = YES;
				CLANG_ENABLE_OBJC_WEAK = YES;
				CLANG_WARN_BLOCK_CAPTURE_AUTORELEASING = YES;
				CLANG_WARN_BOOL_CONVERSION = YES;
				CLANG_WARN_COMMA = YES;
				CLANG_WARN_CONSTANT_CONVERSION = YES;
				CLANG_WARN_DEPRECATED_OBJC_IMPLEMENTATIONS = YES;
				CLANG_WARN_DIRECT_OBJC_ISA_USAGE = YES_ERROR;
				CLANG_WARN_DOCUMENTATION_COMMENTS = YES;
				CLANG_WARN_EMPTY_BODY = YES;
				CLANG_WARN_ENUM_CONVERSION = YES;
				CLANG_WARN_INFINITE_RECURSION = YES;
				CLANG_WARN_INT_CONVERSION = YES;
				CLANG_WARN_NON_LITERAL_NULL_CONVERSION = YES;
				CLANG_WARN_OBJC_IMPLICIT_RETAIN_SELF = YES;
				CLANG_WARN_OBJC_LITERAL_CONVERSION = YES;
				CLANG_WARN_OBJC_ROOT_CLASS = YES_ERROR;
				CLANG_WARN_QUOTED_INCLUDE_IN_FRAMEWORK_HEADER = YES;
				CLANG_WARN_RANGE_LOOP_ANALYSIS = YES;
				CLANG_WARN_STRICT_PROTOTYPES = YES;
				CLANG_WARN_SUSPICIOUS_MOVE = YES;
				CLANG_WARN_UNGUARDED_AVAILABILITY = YES_AGGRESSIVE;
				CLANG_WARN_UNREACHABLE_CODE = YES;
				CLANG_WARN__DUPLICATE_METHOD_MATCH = YES;
				COPY_PHASE_STRIP = NO;
				DEBUG_INFORMATION_FORMAT = dwarf;
				DEVELOPMENT_TEAM = N688RX2752;
				ENABLE_STRICT_OBJC_MSGSEND = YES;
				ENABLE_TESTABILITY = YES;
				ENABLE_USER_SCRIPT_SANDBOXING = YES;
				GCC_C_LANGUAGE_STANDARD = gnu17;
				GCC_DYNAMIC_NO_PIC = NO;
				GCC_NO_COMMON_BLOCKS = YES;
				GCC_OPTIMIZATION_LEVEL = 0;
				GCC_PREPROCESSOR_DEFINITIONS = (
					"DEBUG=1",
					"$(inherited)",
				);
				GCC_WARN_64_TO_32_BIT_CONVERSION = YES;
				GCC_WARN_ABOUT_RETURN_TYPE = YES_ERROR;
				GCC_WARN_UNDECLARED_SELECTOR = YES;
				GCC_WARN_UNINITIALIZED_AUTOS = YES_AGGRESSIVE;
				GCC_WARN_UNUSED_FUNCTION = YES;
				GCC_WARN_UNUSED_VARIABLE = YES;
				IPHONEOS_DEPLOYMENT_TARGET = 26.2;
				LOCALIZATION_PREFERS_STRING_CATALOGS = YES;
				MTL_ENABLE_DEBUG_INFO = INCLUDE_SOURCE;
				MTL_FAST_MATH = YES;
				ONLY_ACTIVE_ARCH = YES;
				SDKROOT = iphoneos;
				STRING_CATALOG_GENERATE_SYMBOLS = YES;
				SWIFT_ACTIVE_COMPILATION_CONDITIONS = "DEBUG $(inherited)";
				SWIFT_OPTIMIZATION_LEVEL = "-Onone";
			};
			name = Debug;
		};
		CC6A0AD32F29B9FD00366880 /* Release */ = {
			isa = XCBuildConfiguration;
			buildSettings = {
				ALWAYS_SEARCH_USER_PATHS = NO;
				ASSETCATALOG_COMPILER_GENERATE_SWIFT_ASSET_SYMBOL_EXTENSIONS = YES;
				CLANG_ANALYZER_NONNULL = YES;
				CLANG_ANALYZER_NUMBER_OBJECT_CONVERSION = YES_AGGRESSIVE;
				CLANG_CXX_LANGUAGE_STANDARD = "gnu++20";
				CLANG_ENABLE_MODULES = YES;
				CLANG_ENABLE_OBJC_ARC = YES;
				CLANG_ENABLE_OBJC_WEAK = YES;
				CLANG_WARN_BLOCK_CAPTURE_AUTORELEASING = YES;
				CLANG_WARN_BOOL_CONVERSION = YES;
				CLANG_WARN_COMMA = YES;
				CLANG_WARN_CONSTANT_CONVERSION = YES;
				CLANG_WARN_DEPRECATED_OBJC_IMPLEMENTATIONS = YES;
				CLANG_WARN_DIRECT_OBJC_ISA_USAGE = YES_ERROR;
				CLANG_WARN_DOCUMENTATION_COMMENTS = YES;
				CLANG_WARN_EMPTY_BODY = YES;
				CLANG_WARN_ENUM_CONVERSION = YES;
				CLANG_WARN_INFINITE_RECURSION = YES;
				CLANG_WARN_INT_CONVERSION = YES;
				CLANG_WARN_NON_LITERAL_NULL_CONVERSION = YES;
				CLANG_WARN_OBJC_IMPLICIT_RETAIN_SELF = YES;
				CLANG_WARN_OBJC_LITERAL_CONVERSION = YES;
				CLANG_WARN_OBJC_ROOT_CLASS = YES_ERROR;
				CLANG_WARN_QUOTED_INCLUDE_IN_FRAMEWORK_HEADER = YES;
				CLANG_WARN_RANGE_LOOP_ANALYSIS = YES;
				CLANG_WARN_STRICT_PROTOTYPES = YES;
				CLANG_WARN_SUSPICIOUS_MOVE = YES;
				CLANG_WARN_UNGUARDED_AVAILABILITY = YES_AGGRESSIVE;
				CLANG_WARN_UNREACHABLE_CODE = YES;
				CLANG_WARN__DUPLICATE_METHOD_MATCH = YES;
				COPY_PHASE_STRIP = NO;
				DEBUG_INFORMATION_FORMAT = "dwarf-with-dsym";
				DEVELOPMENT_TEAM = N688RX2752;
				ENABLE_NS_ASSERTIONS = NO;
				ENABLE_STRICT_OBJC_MSGSEND = YES;
				ENABLE_USER_SCRIPT_SANDBOXING = YES;
				GCC_C_LANGUAGE_STANDARD = gnu17;
				GCC_NO_COMMON_BLOCKS = YES;
				GCC_WARN_64_TO_32_BIT_CONVERSION = YES;
				GCC_WARN_ABOUT_RETURN_TYPE = YES_ERROR;
				GCC_WARN_UNDECLARED_SELECTOR = YES;
				GCC_WARN_UNINITIALIZED_AUTOS = YES_AGGRESSIVE;
				GCC_WARN_UNUSED_FUNCTION = YES;
				GCC_WARN_UNUSED_VARIABLE = YES;
				IPHONEOS_DEPLOYMENT_TARGET = 26.2;
				LOCALIZATION_PREFERS_STRING_CATALOGS = YES;
				MTL_ENABLE_DEBUG_INFO = NO;
				MTL_FAST_MATH = YES;
				SDKROOT = iphoneos;
				STRING_CATALOG_GENERATE_SYMBOLS = YES;
				SWIFT_COMPILATION_MODE = wholemodule;
				VALIDATE_PRODUCT = YES;
			};
			name = Release;
		};
		CC6A0AD52F29B9FD00366880 /* Debug */ = {
			isa = XCBuildConfiguration;
			buildSettings = {
				ASSETCATALOG_COMPILER_APPICON_NAME = AppIcon;
				ASSETCATALOG_COMPILER_GLOBAL_ACCENT_COLOR_NAME = AccentColor;
				CODE_SIGN_STYLE = Automatic;
				CURRENT_PROJECT_VERSION = 1;
				DEVELOPMENT_TEAM = N688RX2752;
				ENABLE_PREVIEWS = YES;
				GENERATE_INFOPLIST_FILE = YES;
				INFOPLIST_FILE = CommandGuard/Info.plist;
				INFOPLIST_KEY_UIApplicationSceneManifest_Generation = YES;
				INFOPLIST_KEY_UIApplicationSupportsIndirectInputEvents = YES;
				INFOPLIST_KEY_UILaunchScreen_Generation = YES;
				INFOPLIST_KEY_UISupportedInterfaceOrientations_iPad = "UIInterfaceOrientationPortrait UIInterfaceOrientationPortraitUpsideDown UIInterfaceOrientationLandscapeLeft UIInterfaceOrientationLandscapeRight";
				INFOPLIST_KEY_UISupportedInterfaceOrientations_iPhone = "UIInterfaceOrientationPortrait UIInterfaceOrientationLandscapeLeft UIInterfaceOrientationLandscapeRight";
				LD_RUNPATH_SEARCH_PATHS = (
					"$(inherited)",
					"@executable_path/Frameworks",
				);
				MARKETING_VERSION = 1.0;
				PRODUCT_BUNDLE_IDENTIFIER = Luke.CommandGuard;
				PRODUCT_NAME = "$(TARGET_NAME)";
				STRING_CATALOG_GENERATE_SYMBOLS = YES;
				SWIFT_APPROACHABLE_CONCURRENCY = YES;
				SWIFT_DEFAULT_ACTOR_ISOLATION = MainActor;
				SWIFT_EMIT_LOC_STRINGS = YES;
				SWIFT_UPCOMING_FEATURE_MEMBER_IMPORT_VISIBILITY = YES;
				SWIFT_VERSION = 5.0;
				TARGETED_DEVICE_FAMILY = "1,2";
			};
			name = Debug;
		};
		CC6A0AD62F29B9FD00366880 /* Release */ = {
			isa = XCBuildConfiguration;
			buildSettings = {
				ASSETCATALOG_COMPILER_APPICON_NAME = AppIcon;
				ASSETCATALOG_COMPILER_GLOBAL_ACCENT_COLOR_NAME = AccentColor;
				CODE_SIGN_STYLE = Automatic;
				CURRENT_PROJECT_VERSION = 1;
				DEVELOPMENT_TEAM = N688RX2752;
				ENABLE_PREVIEWS = YES;
				GENERATE_INFOPLIST_FILE = YES;
				INFOPLIST_FILE = CommandGuard/Info.plist;
				INFOPLIST_KEY_UIApplicationSceneManifest_Generation = YES;
				INFOPLIST_KEY_UIApplicationSupportsIndirectInputEvents = YES;
				INFOPLIST_KEY_UILaunchScreen_Generation = YES;
				INFOPLIST_KEY_UISupportedInterfaceOrientations_iPad = "UIInterfaceOrientationPortrait UIInterfaceOrientationPortraitUpsideDown UIInterfaceOrientationLandscapeLeft UIInterfaceOrientationLandscapeRight";
				INFOPLIST_KEY_UISupportedInterfaceOrientations_iPhone = "UIInterfaceOrientationPortrait UIInterfaceOrientationLandscapeLeft UIInterfaceOrientationLandscapeRight";
				LD_RUNPATH_SEARCH_PATHS = (
					"$(inherited)",
					"@executable_path/Frameworks",
				);
				MARKETING_VERSION = 1.0;
				PRODUCT_BUNDLE_IDENTIFIER = Luke.CommandGuard;
				PRODUCT_NAME = "$(TARGET_NAME)";
				STRING_CATALOG_GENERATE_SYMBOLS = YES;
				SWIFT_APPROACHABLE_CONCURRENCY = YES;
				SWIFT_DEFAULT_ACTOR_ISOLATION = MainActor;
				SWIFT_EMIT_LOC_STRINGS = YES;
				SWIFT_UPCOMING_FEATURE_MEMBER_IMPORT_VISIBILITY = YES;
				SWIFT_VERSION = 5.0;
				TARGETED_DEVICE_FAMILY = "1,2";
			};
			name = Release;
		};
		CC6A0AD82F29B9FD00366880 /* Debug */ = {
			isa = XCBuildConfiguration;
			buildSettings = {
				BUNDLE_LOADER = "$(TEST_HOST)";
				CODE_SIGN_STYLE = Automatic;
				CURRENT_PROJECT_VERSION = 1;
				DEVELOPMENT_TEAM = N688RX2752;
				GENERATE_INFOPLIST_FILE = YES;
				IPHONEOS_DEPLOYMENT_TARGET = 26.2;
				MARKETING_VERSION = 1.0;
				PRODUCT_BUNDLE_IDENTIFIER = Luke.CommandGuardTests;
				PRODUCT_NAME = "$(TARGET_NAME)";
				STRING_CATALOG_GENERATE_SYMBOLS = NO;
				SWIFT_APPROACHABLE_CONCURRENCY = YES;
				SWIFT_EMIT_LOC_STRINGS = NO;
				SWIFT_UPCOMING_FEATURE_MEMBER_IMPORT_VISIBILITY = YES;
				SWIFT_VERSION = 5.0;
				TARGETED_DEVICE_FAMILY = "1,2";
				TEST_HOST = "$(BUILT_PRODUCTS_DIR)/CommandGuard.app/$(BUNDLE_EXECUTABLE_FOLDER_PATH)/CommandGuard";
			};
			name = Debug;
		};
		CC6A0AD92F29B9FD00366880 /* Release */ = {
			isa = XCBuildConfiguration;
			buildSettings = {
				BUNDLE_LOADER = "$(TEST_HOST)";
				CODE_SIGN_STYLE = Automatic;
				CURRENT_PROJECT_VERSION = 1;
				DEVELOPMENT_TEAM = N688RX2752;
				GENERATE_INFOPLIST_FILE = YES;
				IPHONEOS_DEPLOYMENT_TARGET = 26.2;
				MARKETING_VERSION = 1.0;
				PRODUCT_BUNDLE_IDENTIFIER = Luke.CommandGuardTests;
				PRODUCT_NAME = "$(TARGET_NAME)";
				STRING_CATALOG_GENERATE_SYMBOLS = NO;
				SWIFT_APPROACHABLE_CONCURRENCY = YES;
				SWIFT_EMIT_LOC_STRINGS = NO;
				SWIFT_UPCOMING_FEATURE_MEMBER_IMPORT_VISIBILITY = YES;
				SWIFT_VERSION = 5.0;
				TARGETED_DEVICE_FAMILY = "1,2";
				TEST_HOST = "$(BUILT_PRODUCTS_DIR)/CommandGuard.app/$(BUNDLE_EXECUTABLE_FOLDER_PATH)/CommandGuard";
			};
			name = Release;
		};
		CC6A0ADB2F29B9FD00366880 /* Debug */ = {
			isa = XCBuildConfiguration;
			buildSettings = {
				CODE_SIGN_STYLE = Automatic;
				CURRENT_PROJECT_VERSION = 1;
				DEVELOPMENT_TEAM = N688RX2752;
				GENERATE_INFOPLIST_FILE = YES;
				MARKETING_VERSION = 1.0;
				PRODUCT_BUNDLE_IDENTIFIER = Luke.CommandGuardUITests;
				PRODUCT_NAME = "$(TARGET_NAME)";
				STRING_CATALOG_GENERATE_SYMBOLS = NO;
				SWIFT_APPROACHABLE_CONCURRENCY = YES;
				SWIFT_EMIT_LOC_STRINGS = NO;
				SWIFT_UPCOMING_FEATURE_MEMBER_IMPORT_VISIBILITY = YES;
				SWIFT_VERSION = 5.0;
				TARGETED_DEVICE_FAMILY = "1,2";
				TEST_TARGET_NAME = CommandGuard;
			};
			name = Debug;
		};
		CC6A0ADC2F29B9FD00366880 /* Release */ = {
			isa = XCBuildConfiguration;
			buildSettings = {
				CODE_SIGN_STYLE = Automatic;
				CURRENT_PROJECT_VERSION = 1;
				DEVELOPMENT_TEAM = N688RX2752;
				GENERATE_INFOPLIST_FILE = YES;
				MARKETING_VERSION = 1.0;
				PRODUCT_BUNDLE_IDENTIFIER = Luke.CommandGuardUITests;
				PRODUCT_NAME = "$(TARGET_NAME)";
				STRING_CATALOG_GENERATE_SYMBOLS = NO;
				SWIFT_APPROACHABLE_CONCURRENCY = YES;
				SWIFT_EMIT_LOC_STRINGS = NO;
				SWIFT_UPCOMING_FEATURE_MEMBER_IMPORT_VISIBILITY = YES;
				SWIFT_VERSION = 5.0;
				TARGETED_DEVICE_FAMILY = "1,2";
				TEST_TARGET_NAME = CommandGuard;
			};
			name = Release;
		};
/* End XCBuildConfiguration section */

/* Begin XCConfigurationList section */
		CC015FAA2F3EB001003275D7 /* Build configuration list for PBXNativeTarget "CommandGuardGateway" */ = {
			isa = XCConfigurationList;
			buildConfigurations = (
				CC015FA42F3EB001003275D7 /* Debug */,
				CC015FA52F3EB001003275D7 /* Release */,
			);
			defaultConfigurationIsVisible = 0;
			defaultConfigurationName = Release;
		};
		CC015FAB2F3EB001003275D7 /* Build configuration list for PBXNativeTarget "CommandGuardGatewayTests" */ = {
			isa = XCConfigurationList;
			buildConfigurations = (
				CC015FA62F3EB001003275D7 /* Debug */,
				CC015FA72F3EB001003275D7 /* Release */,
			);
			defaultConfigurationIsVisible = 0;
			defaultConfigurationName = Release;
		};
		CC015FAC2F3EB001003275D7 /* Build configuration list for PBXNativeTarget "CommandGuardGatewayUITests" */ = {
			isa = XCConfigurationList;
			buildConfigurations = (
				CC015FA82F3EB001003275D7 /* Debug */,
				CC015FA92F3EB001003275D7 /* Release */,
			);
			defaultConfigurationIsVisible = 0;
			defaultConfigurationName = Release;
		};
		CC6A0AAC2F29B9FC00366880 /* Build configuration list for PBXProject "CommandGuard" */ = {
			isa = XCConfigurationList;
			buildConfigurations = (
				CC6A0AD22F29B9FD00366880 /* Debug */,
				CC6A0AD32F29B9FD00366880 /* Release */,
			);
			defaultConfigurationIsVisible = 0;
			defaultConfigurationName = Release;
		};
		CC6A0AD42F29B9FD00366880 /* Build configuration list for PBXNativeTarget "CommandGuard" */ = {
			isa = XCConfigurationList;
			buildConfigurations = (
				CC6A0AD52F29B9FD00366880 /* Debug */,
				CC6A0AD62F29B9FD00366880 /* Release */,
			);
			defaultConfigurationIsVisible = 0;
			defaultConfigurationName = Release;
		};
		CC6A0AD72F29B9FD00366880 /* Build configuration list for PBXNativeTarget "CommandGuardTests" */ = {
			isa = XCConfigurationList;
			buildConfigurations = (
				CC6A0AD82F29B9FD00366880 /* Debug */,
				CC6A0AD92F29B9FD00366880 /* Release */,
			);
			defaultConfigurationIsVisible = 0;
			defaultConfigurationName = Release;
		};
		CC6A0ADA2F29B9FD00366880 /* Build configuration list for PBXNativeTarget "CommandGuardUITests" */ = {
			isa = XCConfigurationList;
			buildConfigurations = (
				CC6A0ADB2F29B9FD00366880 /* Debug */,
				CC6A0ADC2F29B9FD00366880 /* Release */,
			);
			defaultConfigurationIsVisible = 0;
			defaultConfigurationName = Release;
		};
/* End XCConfigurationList section */
	};
	rootObject = CC6A0AA92F29B9FC00366880 /* Project object */;
}
